// !$*UTF8*$!
{
	archiveVersion = 1;
	classes = {
	};
	objectVersion = 55;
	objects = {

/* Begin PBXBuildFile section */
		D79D3775275F62AE00A7A6BD /* AppDelegate.swift in Sources */ = {isa = PBXBuildFile; fileRef = D79D3774275F62AE00A7A6BD /* AppDelegate.swift */; };
		D79D3779275F62AE00A7A6BD /* ViewController.swift in Sources */ = {isa = PBXBuildFile; fileRef = D79D3778275F62AE00A7A6BD /* ViewController.swift */; };
		D79D377E275F62B200A7A6BD /* Assets.xcassets in Resources */ = {isa = PBXBuildFile; fileRef = D79D377D275F62B200A7A6BD /* Assets.xcassets */; };
		D79D3781275F62B200A7A6BD /* LaunchScreen.storyboard in Resources */ = {isa = PBXBuildFile; fileRef = D79D377F275F62B200A7A6BD /* LaunchScreen.storyboard */; };
		D79D378A275F63E300A7A6BD /* JRCodeVerifyView.swift in Sources */ = {isa = PBXBuildFile; fileRef = D79D3789275F63E300A7A6BD /* JRCodeVerifyView.swift */; };
		D79D378E276095BC00A7A6BD /* JRCodeVerifyConfig.swift in Sources */ = {isa = PBXBuildFile; fileRef = D79D378D276095BC00A7A6BD /* JRCodeVerifyConfig.swift */; };
/* End PBXBuildFile section */

/* Begin PBXFileReference section */
		D79D3771275F62AE00A7A6BD /* JRCodeVerifyView.app */ = {isa = PBXFileReference; explicitFileType = wrapper.application; includeInIndex = 0; path = JRCodeVerifyView.app; sourceTree = BUILT_PRODUCTS_DIR; };
		D79D3774275F62AE00A7A6BD /* AppDelegate.swift */ = {isa = PBXFileReference; lastKnownFileType = sourcecode.swift; path = AppDelegate.swift; sourceTree = "<group>"; };
		D79D3778275F62AE00A7A6BD /* ViewController.swift */ = {isa = PBXFileReference; lastKnownFileType = sourcecode.swift; path = ViewController.swift; sourceTree = "<group>"; };
		D79D377D275F62B200A7A6BD /* Assets.xcassets */ = {isa = PBXFileReference; lastKnownFileType = folder.assetcatalog; path = Assets.xcassets; sourceTree = "<group>"; };
		D79D3780275F62B200A7A6BD /* Base */ = {isa = PBXFileReference; lastKnownFileType = file.storyboard; name = Base; path = Base.lproj/LaunchScreen.storyboard; sourceTree = "<group>"; };
		D79D3782275F62B200A7A6BD /* Info.plist */ = {isa = PBXFileReference; lastKnownFileType = text.plist.xml; path = Info.plist; sourceTree = "<group>"; };
		D79D3789275F63E300A7A6BD /* JRCodeVerifyView.swift */ = {isa = PBXFileReference; lastKnownFileType = sourcecode.swift; path = JRCodeVerifyView.swift; sourceTree = "<group>"; };
		D79D378D276095BC00A7A6BD /* JRCodeVerifyConfig.swift */ = {isa = PBXFileReference; lastKnownFileType = sourcecode.swift; path = JRCodeVerifyConfig.swift; sourceTree = "<group>"; };
/* End PBXFileReference section */

/* Begin PBXFrameworksBuildPhase section */
		D79D376E275F62AE00A7A6BD /* Frameworks */ = {
			isa = PBXFrameworksBuildPhase;
			buildActionMask = 2147483647;
			files = (
			);
			runOnlyForDeploymentPostprocessing = 0;
		};
/* End PBXFrameworksBuildPhase section */

/* Begin PBXGroup section */
		D79D3768275F62AE00A7A6BD = {
			isa = PBXGroup;
			children = (
				D79D3773275F62AE00A7A6BD /* JRCodeVerifyView */,
				D79D3772275F62AE00A7A6BD /* Products */,
			);
			sourceTree = "<group>";
		};
		D79D3772275F62AE00A7A6BD /* Products */ = {
			isa = PBXGroup;
			children = (
				D79D3771275F62AE00A7A6BD /* JRCodeVerifyView.app */,
			);
			name = Products;
			sourceTree = "<group>";
		};
		D79D3773275F62AE00A7A6BD /* JRCodeVerifyView */ = {
			isa = PBXGroup;
			children = (
				D79D3774275F62AE00A7A6BD /* AppDelegate.swift */,
				D79D3778275F62AE00A7A6BD /* ViewController.swift */,
				D79D3788275F63D100A7A6BD /* JRCodeVerifyView */,
				D79D377D275F62B200A7A6BD /* Assets.xcassets */,
				D79D377F275F62B200A7A6BD /* LaunchScreen.storyboard */,
				D79D3782275F62B200A7A6BD /* Info.plist */,
			);
			path = JRCodeVerifyView;
			sourceTree = "<group>";
		};
		D79D3788275F63D100A7A6BD /* JRCodeVerifyView */ = {
			isa = PBXGroup;
			children = (
				D79D3789275F63E300A7A6BD /* JRCodeVerifyView.swift */,
				D79D378D276095BC00A7A6BD /* JRCodeVerifyConfig.swift */,
			);
			path = JRCodeVerifyView;
			sourceTree = "<group>";
		};
/* End PBXGroup section */

/* Begin PBXNativeTarget section */
		D79D3770275F62AE00A7A6BD /* JRCodeVerifyView */ = {
			isa = PBXNativeTarget;
			buildConfigurationList = D79D3785275F62B200A7A6BD /* Build configuration list for PBXNativeTarget "JRCodeVerifyView" */;
			buildPhases = (
				D79D376D275F62AE00A7A6BD /* Sources */,
				D79D376E275F62AE00A7A6BD /* Frameworks */,
				D79D376F275F62AE00A7A6BD /* Resources */,
			);
			buildRules = (
			);
			dependencies = (
			);
			name = JRCodeVerifyView;
			productName = JRCodeVerifyView;
			productReference = D79D3771275F62AE00A7A6BD /* JRCodeVerifyView.app */;
			productType = "com.apple.product-type.application";
		};
/* End PBXNativeTarget section */

/* Begin PBXProject section */
		D79D3769275F62AE00A7A6BD /* Project object */ = {
			isa = PBXProject;
			attributes = {
				BuildIndependentTargetsInParallel = 1;
				LastSwiftUpdateCheck = 1310;
				LastUpgradeCheck = 1310;
				TargetAttributes = {
					D79D3770275F62AE00A7A6BD = {
						CreatedOnToolsVersion = 13.1;
					};
				};
			};
			buildConfigurationList = D79D376C275F62AE00A7A6BD /* Build configuration list for PBXProject "JRCodeVerifyView" */;
			compatibilityVersion = "Xcode 13.0";
			developmentRegion = en;
			hasScannedForEncodings = 0;
			knownRegions = (
				en,
				Base,
			);
			mainGroup = D79D3768275F62AE00A7A6BD;
			productRefGroup = D79D3772275F62AE00A7A6BD /* Products */;
			projectDirPath = "";
			projectRoot = "";
			targets = (
				D79D3770275F62AE00A7A6BD /* JRCodeVerifyView */,
			);
		};
/* End PBXProject section */

/* Begin PBXResourcesBuildPhase section */
		D79D376F275F62AE00A7A6BD /* Resources */ = {
			isa = PBXResourcesBuildPhase;
			buildActionMask = 2147483647;
			files = (
				D79D3781275F62B200A7A6BD /* LaunchScreen.storyboard in Resources */,
				D79D377E275F62B200A7A6BD /* Assets.xcassets in Resources */,
			);
			runOnlyForDeploymentPostprocessing = 0;
		};
/* End PBXResourcesBuildPhase section */

/* Begin PBXSourcesBuildPhase section */
		D79D376D275F62AE00A7A6BD /* Sources */ = {
			isa = PBXSourcesBuildPhase;
			buildActionMask = 2147483647;
			files = (
				D79D3779275F62AE00A7A6BD /* ViewController.swift in Sources */,
				D79D378E276095BC00A7A6BD /* JRCodeVerifyConfig.swift in Sources */,
				D79D3775275F62AE00A7A6BD /* AppDelegate.swift in Sources */,
				D79D378A275F63E300A7A6BD /* JRCodeVerifyView.swift in Sources */,
			);
			runOnlyForDeploymentPostprocessing = 0;
		};
/* End PBXSourcesBuildPhase section */

/* Begin PBXVariantGroup section */
		D79D377F275F62B200A7A6BD /* LaunchScreen.storyboard */ = {
			isa = PBXVariantGroup;
			children = (
				D79D3780275F62B200A7A6BD /* Base */,
			);
			name = LaunchScreen.storyboard;
			sourceTree = "<group>";
		};
/* End PBXVariantGroup section */

/* Begin XCBuildConfiguration section */
		D79D3783275F62B200A7A6BD /* Debug */ = {
			isa = XCBuildConfiguration;
			buildSettings = {
				ALWAYS_SEARCH_USER_PATHS = NO;
				CLANG_ANALYZER_NONNULL = YES;
				CLANG_ANALYZER_NUMBER_OBJECT_CONVERSION = YES_AGGRESSIVE;
				CLANG_CXX_LANGUAGE_STANDARD = "gnu++17";
				CLANG_CXX_LIBRARY = "libc++";
				CLANG_ENABLE_MODULES = YES;
				CLANG_ENABLE_OBJC_ARC = YES;
				CLANG_ENABLE_OBJC_WEAK = YES;
				CLANG_WARN_BLOCK_CAPTURE_AUTORELEASING = YES;
				CLANG_WARN_BOOL_CONVERSION = YES;
				CLANG_WARN_COMMA = YES;
				CLANG_WARN_CONSTANT_CONVERSION = YES;
				CLANG_WARN_DEPRECATED_OBJC_IMPLEMENTATIONS = YES;
				CLANG_WARN_DIRECT_OBJC_ISA_USAGE = YES_ERROR;
				CLANG_WARN_DOCUMENTATION_COMMENTS = YES;
				CLANG_WARN_EMPTY_BODY = YES;
				CLANG_WARN_ENUM_CONVERSION = YES;
				CLANG_WARN_INFINITE_RECURSION = YES;
				CLANG_WARN_INT_CONVERSION = YES;
				CLANG_WARN_NON_LITERAL_NULL_CONVERSION = YES;
				CLANG_WARN_OBJC_IMPLICIT_RETAIN_SELF = YES;
				CLANG_WARN_OBJC_LITERAL_CONVERSION = YES;
				CLANG_WARN_OBJC_ROOT_CLASS = YES_ERROR;
				CLANG_WARN_QUOTED_INCLUDE_IN_FRAMEWORK_HEADER = YES;
				CLANG_WARN_RANGE_LOOP_ANALYSIS = YES;
				CLANG_WARN_STRICT_PROTOTYPES = YES;
				CLANG_WARN_SUSPICIOUS_MOVE = YES;
				CLANG_WARN_UNGUARDED_AVAILABILITY = YES_AGGRESSIVE;
				CLANG_WARN_UNREACHABLE_CODE = YES;
				CLANG_WARN__DUPLICATE_METHOD_MATCH = YES;
				COPY_PHASE_STRIP = NO;
				DEBUG_INFORMATION_FORMAT = dwarf;
				ENABLE_STRICT_OBJC_MSGSEND = YES;
				ENABLE_TESTABILITY = YES;
				GCC_C_LANGUAGE_STANDARD = gnu11;
				GCC_DYNAMIC_NO_PIC = NO;
				GCC_NO_COMMON_BLOCKS = YES;
				GCC_OPTIMIZATION_LEVEL = 0;
				GCC_PREPROCESSOR_DEFINITIONS = (
					"DEBUG=1",
					"$(inherited)",
				);
				GCC_WARN_64_TO_32_BIT_CONVERSION = YES;
				GCC_WARN_ABOUT_RETURN_TYPE = YES_ERROR;
				GCC_WARN_UNDECLARED_SELECTOR = YES;
				GCC_WARN_UNINITIALIZED_AUTOS = YES_AGGRESSIVE;
				GCC_WARN_UNUSED_FUNCTION = YES;
				GCC_WARN_UNUSED_VARIABLE = YES;
				IPHONEOS_DEPLOYMENT_TARGET = 15.0;
				MTL_ENABLE_DEBUG_INFO = INCLUDE_SOURCE;
				MTL_FAST_MATH = YES;
				ONLY_ACTIVE_ARCH = YES;
				SDKROOT = iphoneos;
				SWIFT_ACTIVE_COMPILATION_CONDITIONS = DEBUG;
				SWIFT_OPTIMIZATION_LEVEL = "-Onone";
			};
			name = Debug;
		};
		D79D3784275F62B200A7A6BD /* Release */ = {
			isa = XCBuildConfiguration;
			buildSettings = {
				ALWAYS_SEARCH_USER_PATHS = NO;
				CLANG_ANALYZER_NONNULL = YES;
				CLANG_ANALYZER_NUMBER_OBJECT_CONVERSION = YES_AGGRESSIVE;
				CLANG_CXX_LANGUAGE_STANDARD = "gnu++17";
				CLANG_CXX_LIBRARY = "libc++";
				CLANG_ENABLE_MODULES = YES;
				CLANG_ENABLE_OBJC_ARC = YES;
				CLANG_ENABLE_OBJC_WEAK = YES;
				CLANG_WARN_BLOCK_CAPTURE_AUTORELEASING = YES;
				CLANG_WARN_BOOL_CONVERSION = YES;
				CLANG_WARN_COMMA = YES;
				CLANG_WARN_CONSTANT_CONVERSION = YES;
				CLANG_WARN_DEPRECATED_OBJC_IMPLEMENTATIONS = YES;
				CLANG_WARN_DIRECT_OBJC_ISA_USAGE = YES_ERROR;
				CLANG_WARN_DOCUMENTATION_COMMENTS = YES;
				CLANG_WARN_EMPTY_BODY = YES;
				CLANG_WARN_ENUM_CONVERSION = YES;
				CLANG_WARN_INFINITE_RECURSION = YES;
				CLANG_WARN_INT_CONVERSION = YES;
				CLANG_WARN_NON_LITERAL_NULL_CONVERSION = YES;
				CLANG_WARN_OBJC_IMPLICIT_RETAIN_SELF = YES;
				CLANG_WARN_OBJC_LITERAL_CONVERSION = YES;
				CLANG_WARN_OBJC_ROOT_CLASS = YES_ERROR;
				CLANG_WARN_QUOTED_INCLUDE_IN_FRAMEWORK_HEADER = YES;
				CLANG_WARN_RANGE_LOOP_ANALYSIS = YES;
				CLANG_WARN_STRICT_PROTOTYPES = YES;
				CLANG_WARN_SUSPICIOUS_MOVE = YES;
				CLANG_WARN_UNGUARDED_AVAILABILITY = YES_AGGRESSIVE;
				CLANG_WARN_UNREACHABLE_CODE = YES;
				CLANG_WARN__DUPLICATE_METHOD_MATCH = YES;
				COPY_PHASE_STRIP = NO;
				DEBUG_INFORMATION_FORMAT = "dwarf-with-dsym";
				ENABLE_NS_ASSERTIONS = NO;
				ENABLE_STRICT_OBJC_MSGSEND = YES;
				GCC_C_LANGUAGE_STANDARD = gnu11;
				GCC_NO_COMMON_BLOCKS = YES;
				GCC_WARN_64_TO_32_BIT_CONVERSION = YES;
				GCC_WARN_ABOUT_RETURN_TYPE = YES_ERROR;
				GCC_WARN_UNDECLARED_SELECTOR = YES;
				GCC_WARN_UNINITIALIZED_AUTOS = YES_AGGRESSIVE;
				GCC_WARN_UNUSED_FUNCTION = YES;
				GCC_WARN_UNUSED_VARIABLE = YES;
				IPHONEOS_DEPLOYMENT_TARGET = 15.0;
				MTL_ENABLE_DEBUG_INFO = NO;
				MTL_FAST_MATH = YES;
				SDKROOT = iphoneos;
				SWIFT_COMPILATION_MODE = wholemodule;
				SWIFT_OPTIMIZATION_LEVEL = "-O";
				VALIDATE_PRODUCT = YES;
			};
			name = Release;
		};
		D79D3786275F62B200A7A6BD /* Debug */ = {
			isa = XCBuildConfiguration;
			buildSettings = {
				ASSETCATALOG_COMPILER_APPICON_NAME = AppIcon;
				ASSETCATALOG_COMPILER_GLOBAL_ACCENT_COLOR_NAME = AccentColor;
				CODE_SIGN_STYLE = Automatic;
				CURRENT_PROJECT_VERSION = 1;
				DEVELOPMENT_TEAM = CXX7HZP5XW;
				GENERATE_INFOPLIST_FILE = YES;
				INFOPLIST_FILE = JRCodeVerifyView/Info.plist;
				INFOPLIST_KEY_UIApplicationSupportsIndirectInputEvents = YES;
				INFOPLIST_KEY_UILaunchStoryboardName = LaunchScreen;
				INFOPLIST_KEY_UISupportedInterfaceOrientations_iPad = "UIInterfaceOrientationPortrait UIInterfaceOrientationPortraitUpsideDown UIInterfaceOrientationLandscapeLeft UIInterfaceOrientationLandscapeRight";
				INFOPLIST_KEY_UISupportedInterfaceOrientations_iPhone = "UIInterfaceOrientationPortrait UIInterfaceOrientationLandscapeLeft UIInterfaceOrientationLandscapeRight";
				IPHONEOS_DEPLOYMENT_TARGET = 11.0;
				LD_RUNPATH_SEARCH_PATHS = (
					"$(inherited)",
					"@executable_path/Frameworks",
				);
				MARKETING_VERSION = 1.0;
				PRODUCT_BUNDLE_IDENTIFIER = "com.eternal-glory.JRCodeVerifyView";
				PRODUCT_NAME = "$(TARGET_NAME)";
				SWIFT_EMIT_LOC_STRINGS = YES;
				SWIFT_VERSION = 5.0;
				TARGETED_DEVICE_FAMILY = 1;
			};
			name = Debug;
		};
		D79D3787275F62B200A7A6BD /* Release */ = {
			isa = XCBuildConfiguration;
			buildSettings = {
				ASSETCATALOG_COMPILER_APPICON_NAME = AppIcon;
				ASSETCATALOG_COMPILER_GLOBAL_ACCENT_COLOR_NAME = AccentColor;
				CODE_SIGN_STYLE = Automatic;
				CURRENT_PROJECT_VERSION = 1;
				DEVELOPMENT_TEAM = CXX7HZP5XW;
				GENERATE_INFOPLIST_FILE = YES;
				INFOPLIST_FILE = JRCodeVerifyView/Info.plist;
				INFOPLIST_KEY_UIApplicationSupportsIndirectInputEvents = YES;
				INFOPLIST_KEY_UILaunchStoryboardName = LaunchScreen;
				INFOPLIST_KEY_UISupportedInterfaceOrientations_iPad = "UIInterfaceOrientationPortrait UIInterfaceOrientationPortraitUpsideDown UIInterfaceOrientationLandscapeLeft UIInterfaceOrientationLandscapeRight";
				INFOPLIST_KEY_UISupportedInterfaceOrientations_iPhone = "UIInterfaceOrientationPortrait UIInterfaceOrientationLandscapeLeft UIInterfaceOrientationLandscapeRight";
				IPHONEOS_DEPLOYMENT_TARGET = 11.0;
				LD_RUNPATH_SEARCH_PATHS = (
					"$(inherited)",
					"@executable_path/Frameworks",
				);
				MARKETING_VERSION = 1.0;
				PRODUCT_BUNDLE_IDENTIFIER = "com.eternal-glory.JRCodeVerifyView";
				PRODUCT_NAME = "$(TARGET_NAME)";
				SWIFT_EMIT_LOC_STRINGS = YES;
				SWIFT_VERSION = 5.0;
				TARGETED_DEVICE_FAMILY = 1;
			};
			name = Release;
		};
/* End XCBuildConfiguration section */

/* Begin XCConfigurationList section */
		D79D376C275F62AE00A7A6BD /* Build configuration list for PBXProject "JRCodeVerifyView" */ = {
			isa = XCConfigurationList;
			buildConfigurations = (
				D79D3783275F62B200A7A6BD /* Debug */,
				D79D3784275F62B200A7A6BD /* Release */,
			);
			defaultConfigurationIsVisible = 0;
			defaultConfigurationName = Release;
		};
		D79D3785275F62B200A7A6BD /* Build configuration list for PBXNativeTarget "JRCodeVerifyView" */ = {
			isa = XCConfigurationList;
			buildConfigurations = (
				D79D3786275F62B200A7A6BD /* Debug */,
				D79D3787275F62B200A7A6BD /* Release */,
			);
			defaultConfigurationIsVisible = 0;
			defaultConfigurationName = Release;
		};
/* End XCConfigurationList section */
	};
	rootObject = D79D3769275F62AE00A7A6BD /* Project object */;
}
